// !$*UTF8*$!
{
	archiveVersion = 1;
	classes = {
	};
	objectVersion = 50;
	objects = {

/* Begin PBXBuildFile section */
		07461587254EF8C700202F5C /* AppDelegate.swift in Sources */ = {isa = PBXBuildFile; fileRef = 07461586254EF8C700202F5C /* AppDelegate.swift */; };
		07461589254EF8C700202F5C /* SceneDelegate.swift in Sources */ = {isa = PBXBuildFile; fileRef = 07461588254EF8C700202F5C /* SceneDelegate.swift */; };
		0746158B254EF8C700202F5C /* ViewController.swift in Sources */ = {isa = PBXBuildFile; fileRef = 0746158A254EF8C700202F5C /* ViewController.swift */; };
		0746158E254EF8C700202F5C /* Main.storyboard in Resources */ = {isa = PBXBuildFile; fileRef = 0746158C254EF8C700202F5C /* Main.storyboard */; };
		07461591254EF8C700202F5C /* CoreDataSample.xcdatamodeld in Sources */ = {isa = PBXBuildFile; fileRef = 0746158F254EF8C700202F5C /* CoreDataSample.xcdatamodeld */; };
		07461593254EF8C900202F5C /* Assets.xcassets in Resources */ = {isa = PBXBuildFile; fileRef = 07461592254EF8C900202F5C /* Assets.xcassets */; };
		07461596254EF8C900202F5C /* LaunchScreen.storyboard in Resources */ = {isa = PBXBuildFile; fileRef = 07461594254EF8C900202F5C /* LaunchScreen.storyboard */; };
		074615A1254EF8CA00202F5C /* CoreDataSampleTests.swift in Sources */ = {isa = PBXBuildFile; fileRef = 074615A0254EF8CA00202F5C /* CoreDataSampleTests.swift */; };
		074615AC254EF8CA00202F5C /* CoreDataSampleUITests.swift in Sources */ = {isa = PBXBuildFile; fileRef = 074615AB254EF8CA00202F5C /* CoreDataSampleUITests.swift */; };
		074615BF254EF91900202F5C /* Person+CoreDataClass.swift in Sources */ = {isa = PBXBuildFile; fileRef = 074615BD254EF91900202F5C /* Person+CoreDataClass.swift */; };
		074615C0254EF91900202F5C /* Person+CoreDataProperties.swift in Sources */ = {isa = PBXBuildFile; fileRef = 074615BE254EF91900202F5C /* Person+CoreDataProperties.swift */; };
/* End PBXBuildFile section */

/* Begin PBXContainerItemProxy section */
		0746159D254EF8CA00202F5C /* PBXContainerItemProxy */ = {
			isa = PBXContainerItemProxy;
			containerPortal = 0746157B254EF8C700202F5C /* Project object */;
			proxyType = 1;
			remoteGlobalIDString = 07461582254EF8C700202F5C;
			remoteInfo = CoreDataSample;
		};
		074615A8254EF8CA00202F5C /* PBXContainerItemProxy */ = {
			isa = PBXContainerItemProxy;
			containerPortal = 0746157B254EF8C700202F5C /* Project object */;
			proxyType = 1;
			remoteGlobalIDString = 07461582254EF8C700202F5C;
			remoteInfo = CoreDataSample;
		};
/* End PBXContainerItemProxy section */

/* Begin PBXFileReference section */
		07461583254EF8C700202F5C /* CoreDataSample.app */ = {isa = PBXFileReference; explicitFileType = wrapper.application; includeInIndex = 0; path = CoreDataSample.app; sourceTree = BUILT_PRODUCTS_DIR; };
		07461586254EF8C700202F5C /* AppDelegate.swift */ = {isa = PBXFileReference; lastKnownFileType = sourcecode.swift; path = AppDelegate.swift; sourceTree = "<group>"; };
		07461588254EF8C700202F5C /* SceneDelegate.swift */ = {isa = PBXFileReference; lastKnownFileType = sourcecode.swift; path = SceneDelegate.swift; sourceTree = "<group>"; };
		0746158A254EF8C700202F5C /* ViewController.swift */ = {isa = PBXFileReference; lastKnownFileType = sourcecode.swift; path = ViewController.swift; sourceTree = "<group>"; };
		0746158D254EF8C700202F5C /* Base */ = {isa = PBXFileReference; lastKnownFileType = file.storyboard; name = Base; path = Base.lproj/Main.storyboard; sourceTree = "<group>"; };
		07461590254EF8C700202F5C /* CoreDataSample.xcdatamodel */ = {isa = PBXFileReference; lastKnownFileType = wrapper.xcdatamodel; path = CoreDataSample.xcdatamodel; sourceTree = "<group>"; };
		07461592254EF8C900202F5C /* Assets.xcassets */ = {isa = PBXFileReference; lastKnownFileType = folder.assetcatalog; path = Assets.xcassets; sourceTree = "<group>"; };
		07461595254EF8C900202F5C /* Base */ = {isa = PBXFileReference; lastKnownFileType = file.storyboard; name = Base; path = Base.lproj/LaunchScreen.storyboard; sourceTree = "<group>"; };
		07461597254EF8C900202F5C /* Info.plist */ = {isa = PBXFileReference; lastKnownFileType = text.plist.xml; path = Info.plist; sourceTree = "<group>"; };
		0746159C254EF8CA00202F5C /* CoreDataSampleTests.xctest */ = {isa = PBXFileReference; explicitFileType = wrapper.cfbundle; includeInIndex = 0; path = CoreDataSampleTests.xctest; sourceTree = BUILT_PRODUCTS_DIR; };
		074615A0254EF8CA00202F5C /* CoreDataSampleTests.swift */ = {isa = PBXFileReference; lastKnownFileType = sourcecode.swift; path = CoreDataSampleTests.swift; sourceTree = "<group>"; };
		074615A2254EF8CA00202F5C /* Info.plist */ = {isa = PBXFileReference; lastKnownFileType = text.plist.xml; path = Info.plist; sourceTree = "<group>"; };
		074615A7254EF8CA00202F5C /* CoreDataSampleUITests.xctest */ = {isa = PBXFileReference; explicitFileType = wrapper.cfbundle; includeInIndex = 0; path = CoreDataSampleUITests.xctest; sourceTree = BUILT_PRODUCTS_DIR; };
		074615AB254EF8CA00202F5C /* CoreDataSampleUITests.swift */ = {isa = PBXFileReference; lastKnownFileType = sourcecode.swift; path = CoreDataSampleUITests.swift; sourceTree = "<group>"; };
		074615AD254EF8CA00202F5C /* Info.plist */ = {isa = PBXFileReference; lastKnownFileType = text.plist.xml; path = Info.plist; sourceTree = "<group>"; };
		074615BD254EF91900202F5C /* Person+CoreDataClass.swift */ = {isa = PBXFileReference; lastKnownFileType = sourcecode.swift; path = "Person+CoreDataClass.swift"; sourceTree = "<group>"; };
		074615BE254EF91900202F5C /* Person+CoreDataProperties.swift */ = {isa = PBXFileReference; lastKnownFileType = sourcecode.swift; path = "Person+CoreDataProperties.swift"; sourceTree = "<group>"; };
/* End PBXFileReference section */

/* Begin PBXFrameworksBuildPhase section */
		07461580254EF8C700202F5C /* Frameworks */ = {
			isa = PBXFrameworksBuildPhase;
			buildActionMask = 2147483647;
			files = (
			);
			runOnlyForDeploymentPostprocessing = 0;
		};
		07461599254EF8CA00202F5C /* Frameworks */ = {
			isa = PBXFrameworksBuildPhase;
			buildActionMask = 2147483647;
			files = (
			);
			runOnlyForDeploymentPostprocessing = 0;
		};
		074615A4254EF8CA00202F5C /* Frameworks */ = {
			isa = PBXFrameworksBuildPhase;
			buildActionMask = 2147483647;
			files = (
			);
			runOnlyForDeploymentPostprocessing = 0;
		};
/* End PBXFrameworksBuildPhase section */

/* Begin PBXGroup section */
		0746157A254EF8C700202F5C = {
			isa = PBXGroup;
			children = (
				07461585254EF8C700202F5C /* CoreDataSample */,
				0746159F254EF8CA00202F5C /* CoreDataSampleTests */,
				074615AA254EF8CA00202F5C /* CoreDataSampleUITests */,
				07461584254EF8C700202F5C /* Products */,
			);
			sourceTree = "<group>";
		};
		07461584254EF8C700202F5C /* Products */ = {
			isa = PBXGroup;
			children = (
				07461583254EF8C700202F5C /* CoreDataSample.app */,
				0746159C254EF8CA00202F5C /* CoreDataSampleTests.xctest */,
				074615A7254EF8CA00202F5C /* CoreDataSampleUITests.xctest */,
			);
			name = Products;
			sourceTree = "<group>";
		};
		07461585254EF8C700202F5C /* CoreDataSample */ = {
			isa = PBXGroup;
			children = (
				074615BC254EF8E200202F5C /* Model */,
				07461586254EF8C700202F5C /* AppDelegate.swift */,
				07461588254EF8C700202F5C /* SceneDelegate.swift */,
				0746158A254EF8C700202F5C /* ViewController.swift */,
				0746158C254EF8C700202F5C /* Main.storyboard */,
				07461592254EF8C900202F5C /* Assets.xcassets */,
				07461594254EF8C900202F5C /* LaunchScreen.storyboard */,
				07461597254EF8C900202F5C /* Info.plist */,
				0746158F254EF8C700202F5C /* CoreDataSample.xcdatamodeld */,
			);
			path = CoreDataSample;
			sourceTree = "<group>";
		};
		0746159F254EF8CA00202F5C /* CoreDataSampleTests */ = {
			isa = PBXGroup;
			children = (
				074615A0254EF8CA00202F5C /* CoreDataSampleTests.swift */,
				074615A2254EF8CA00202F5C /* Info.plist */,
			);
			path = CoreDataSampleTests;
			sourceTree = "<group>";
		};
		074615AA254EF8CA00202F5C /* CoreDataSampleUITests */ = {
			isa = PBXGroup;
			children = (
				074615AB254EF8CA00202F5C /* CoreDataSampleUITests.swift */,
				074615AD254EF8CA00202F5C /* Info.plist */,
			);
			path = CoreDataSampleUITests;
			sourceTree = "<group>";
		};
		074615BC254EF8E200202F5C /* Model */ = {
			isa = PBXGroup;
			children = (
				074615BD254EF91900202F5C /* Person+CoreDataClass.swift */,
				074615BE254EF91900202F5C /* Person+CoreDataProperties.swift */,
			);
			path = Model;
			sourceTree = "<group>";
		};
/* End PBXGroup section */

/* Begin PBXNativeTarget section */
		07461582254EF8C700202F5C /* CoreDataSample */ = {
			isa = PBXNativeTarget;
			buildConfigurationList = 074615B0254EF8CA00202F5C /* Build configuration list for PBXNativeTarget "CoreDataSample" */;
			buildPhases = (
				0746157F254EF8C700202F5C /* Sources */,
				07461580254EF8C700202F5C /* Frameworks */,
				07461581254EF8C700202F5C /* Resources */,
			);
			buildRules = (
			);
			dependencies = (
			);
			name = CoreDataSample;
			productName = CoreDataSample;
			productReference = 07461583254EF8C700202F5C /* CoreDataSample.app */;
			productType = "com.apple.product-type.application";
		};
		0746159B254EF8CA00202F5C /* CoreDataSampleTests */ = {
			isa = PBXNativeTarget;
			buildConfigurationList = 074615B3254EF8CA00202F5C /* Build configuration list for PBXNativeTarget "CoreDataSampleTests" */;
			buildPhases = (
				07461598254EF8CA00202F5C /* Sources */,
				07461599254EF8CA00202F5C /* Frameworks */,
				0746159A254EF8CA00202F5C /* Resources */,
			);
			buildRules = (
			);
			dependencies = (
				0746159E254EF8CA00202F5C /* PBXTargetDependency */,
			);
			name = CoreDataSampleTests;
			productName = CoreDataSampleTests;
			productReference = 0746159C254EF8CA00202F5C /* CoreDataSampleTests.xctest */;
			productType = "com.apple.product-type.bundle.unit-test";
		};
		074615A6254EF8CA00202F5C /* CoreDataSampleUITests */ = {
			isa = PBXNativeTarget;
			buildConfigurationList = 074615B6254EF8CA00202F5C /* Build configuration list for PBXNativeTarget "CoreDataSampleUITests" */;
			buildPhases = (
				074615A3254EF8CA00202F5C /* Sources */,
				074615A4254EF8CA00202F5C /* Frameworks */,
				074615A5254EF8CA00202F5C /* Resources */,
			);
			buildRules = (
			);
			dependencies = (
				074615A9254EF8CA00202F5C /* PBXTargetDependency */,
			);
			name = CoreDataSampleUITests;
			productName = CoreDataSampleUITests;
			productReference = 074615A7254EF8CA00202F5C /* CoreDataSampleUITests.xctest */;
			productType = "com.apple.product-type.bundle.ui-testing";
		};
/* End PBXNativeTarget section */

/* Begin PBXProject section */
		0746157B254EF8C700202F5C /* Project object */ = {
			isa = PBXProject;
			attributes = {
				LastSwiftUpdateCheck = 1210;
				LastUpgradeCheck = 1210;
				TargetAttributes = {
					07461582254EF8C700202F5C = {
						CreatedOnToolsVersion = 12.1;
					};
					0746159B254EF8CA00202F5C = {
						CreatedOnToolsVersion = 12.1;
						TestTargetID = 07461582254EF8C700202F5C;
					};
					074615A6254EF8CA00202F5C = {
						CreatedOnToolsVersion = 12.1;
						TestTargetID = 07461582254EF8C700202F5C;
					};
				};
			};
			buildConfigurationList = 0746157E254EF8C700202F5C /* Build configuration list for PBXProject "CoreDataSample" */;
			compatibilityVersion = "Xcode 9.3";
			developmentRegion = en;
			hasScannedForEncodings = 0;
			knownRegions = (
				en,
				Base,
			);
			mainGroup = 0746157A254EF8C700202F5C;
			productRefGroup = 07461584254EF8C700202F5C /* Products */;
			projectDirPath = "";
			projectRoot = "";
			targets = (
				07461582254EF8C700202F5C /* CoreDataSample */,
				0746159B254EF8CA00202F5C /* CoreDataSampleTests */,
				074615A6254EF8CA00202F5C /* CoreDataSampleUITests */,
			);
		};
/* End PBXProject section */

/* Begin PBXResourcesBuildPhase section */
		07461581254EF8C700202F5C /* Resources */ = {
			isa = PBXResourcesBuildPhase;
			buildActionMask = 2147483647;
			files = (
				07461596254EF8C900202F5C /* LaunchScreen.storyboard in Resources */,
				07461593254EF8C900202F5C /* Assets.xcassets in Resources */,
				0746158E254EF8C700202F5C /* Main.storyboard in Resources */,
			);
			runOnlyForDeploymentPostprocessing = 0;
		};
		0746159A254EF8CA00202F5C /* Resources */ = {
			isa = PBXResourcesBuildPhase;
			buildActionMask = 2147483647;
			files = (
			);
			runOnlyForDeploymentPostprocessing = 0;
		};
		074615A5254EF8CA00202F5C /* Resources */ = {
			isa = PBXResourcesBuildPhase;
			buildActionMask = 2147483647;
			files = (
			);
			runOnlyForDeploymentPostprocessing = 0;
		};
/* End PBXResourcesBuildPhase section */

/* Begin PBXSourcesBuildPhase section */
		0746157F254EF8C700202F5C /* Sources */ = {
			isa = PBXSourcesBuildPhase;
			buildActionMask = 2147483647;
			files = (
				07461591254EF8C700202F5C /* CoreDataSample.xcdatamodeld in Sources */,
				0746158B254EF8C700202F5C /* ViewController.swift in Sources */,
				074615C0254EF91900202F5C /* Person+CoreDataProperties.swift in Sources */,
				074615BF254EF91900202F5C /* Person+CoreDataClass.swift in Sources */,
				07461587254EF8C700202F5C /* AppDelegate.swift in Sources */,
				07461589254EF8C700202F5C /* SceneDelegate.swift in Sources */,
			);
			runOnlyForDeploymentPostprocessing = 0;
		};
		07461598254EF8CA00202F5C /* Sources */ = {
			isa = PBXSourcesBuildPhase;
			buildActionMask = 2147483647;
			files = (
				074615A1254EF8CA00202F5C /* CoreDataSampleTests.swift in Sources */,
			);
			runOnlyForDeploymentPostprocessing = 0;
		};
		074615A3254EF8CA00202F5C /* Sources */ = {
			isa = PBXSourcesBuildPhase;
			buildActionMask = 2147483647;
			files = (
				074615AC254EF8CA00202F5C /* CoreDataSampleUITests.swift in Sources */,
			);
			runOnlyForDeploymentPostprocessing = 0;
		};
/* End PBXSourcesBuildPhase section */

/* Begin PBXTargetDependency section */
		0746159E254EF8CA00202F5C /* PBXTargetDependency */ = {
			isa = PBXTargetDependency;
			target = 07461582254EF8C700202F5C /* CoreDataSample */;
			targetProxy = 0746159D254EF8CA00202F5C /* PBXContainerItemProxy */;
		};
		074615A9254EF8CA00202F5C /* PBXTargetDependency */ = {
			isa = PBXTargetDependency;
			target = 07461582254EF8C700202F5C /* CoreDataSample */;
			targetProxy = 074615A8254EF8CA00202F5C /* PBXContainerItemProxy */;
		};
/* End PBXTargetDependency section */

/* Begin PBXVariantGroup section */
		0746158C254EF8C700202F5C /* Main.storyboard */ = {
			isa = PBXVariantGroup;
			children = (
				0746158D254EF8C700202F5C /* Base */,
			);
			name = Main.storyboard;
			sourceTree = "<group>";
		};
		07461594254EF8C900202F5C /* LaunchScreen.storyboard */ = {
			isa = PBXVariantGroup;
			children = (
				07461595254EF8C900202F5C /* Base */,
			);
			name = LaunchScreen.storyboard;
			sourceTree = "<group>";
		};
/* End PBXVariantGroup section */

/* Begin XCBuildConfiguration section */
		074615AE254EF8CA00202F5C /* Debug */ = {
			isa = XCBuildConfiguration;
			buildSettings = {
				ALWAYS_SEARCH_USER_PATHS = NO;
				CLANG_ANALYZER_NONNULL = YES;
				CLANG_ANALYZER_NUMBER_OBJECT_CONVERSION = YES_AGGRESSIVE;
				CLANG_CXX_LANGUAGE_STANDARD = "gnu++14";
				CLANG_CXX_LIBRARY = "libc++";
				CLANG_ENABLE_MODULES = YES;
				CLANG_ENABLE_OBJC_ARC = YES;
				CLANG_ENABLE_OBJC_WEAK = YES;
				CLANG_WARN_BLOCK_CAPTURE_AUTORELEASING = YES;
				CLANG_WARN_BOOL_CONVERSION = YES;
				CLANG_WARN_COMMA = YES;
				CLANG_WARN_CONSTANT_CONVERSION = YES;
				CLANG_WARN_DEPRECATED_OBJC_IMPLEMENTATIONS = YES;
				CLANG_WARN_DIRECT_OBJC_ISA_USAGE = YES_ERROR;
				CLANG_WARN_DOCUMENTATION_COMMENTS = YES;
				CLANG_WARN_EMPTY_BODY = YES;
				CLANG_WARN_ENUM_CONVERSION = YES;
				CLANG_WARN_INFINITE_RECURSION = YES;
				CLANG_WARN_INT_CONVERSION = YES;
				CLANG_WARN_NON_LITERAL_NULL_CONVERSION = YES;
				CLANG_WARN_OBJC_IMPLICIT_RETAIN_SELF = YES;
				CLANG_WARN_OBJC_LITERAL_CONVERSION = YES;
				CLANG_WARN_OBJC_ROOT_CLASS = YES_ERROR;
				CLANG_WARN_QUOTED_INCLUDE_IN_FRAMEWORK_HEADER = YES;
				CLANG_WARN_RANGE_LOOP_ANALYSIS = YES;
				CLANG_WARN_STRICT_PROTOTYPES = YES;
				CLANG_WARN_SUSPICIOUS_MOVE = YES;
				CLANG_WARN_UNGUARDED_AVAILABILITY = YES_AGGRESSIVE;
				CLANG_WARN_UNREACHABLE_CODE = YES;
				CLANG_WARN__DUPLICATE_METHOD_MATCH = YES;
				COPY_PHASE_STRIP = NO;
				DEBUG_INFORMATION_FORMAT = dwarf;
				ENABLE_STRICT_OBJC_MSGSEND = YES;
				ENABLE_TESTABILITY = YES;
				GCC_C_LANGUAGE_STANDARD = gnu11;
				GCC_DYNAMIC_NO_PIC = NO;
				GCC_NO_COMMON_BLOCKS = YES;
				GCC_OPTIMIZATION_LEVEL = 0;
				GCC_PREPROCESSOR_DEFINITIONS = (
					"DEBUG=1",
					"$(inherited)",
				);
				GCC_WARN_64_TO_32_BIT_CONVERSION = YES;
				GCC_WARN_ABOUT_RETURN_TYPE = YES_ERROR;
				GCC_WARN_UNDECLARED_SELECTOR = YES;
				GCC_WARN_UNINITIALIZED_AUTOS = YES_AGGRESSIVE;
				GCC_WARN_UNUSED_FUNCTION = YES;
				GCC_WARN_UNUSED_VARIABLE = YES;
				IPHONEOS_DEPLOYMENT_TARGET = 14.1;
				MTL_ENABLE_DEBUG_INFO = INCLUDE_SOURCE;
				MTL_FAST_MATH = YES;
				ONLY_ACTIVE_ARCH = YES;
				SDKROOT = iphoneos;
				SWIFT_ACTIVE_COMPILATION_CONDITIONS = DEBUG;
				SWIFT_OPTIMIZATION_LEVEL = "-Onone";
			};
			name = Debug;
		};
		074615AF254EF8CA00202F5C /* Release */ = {
			isa = XCBuildConfiguration;
			buildSettings = {
				ALWAYS_SEARCH_USER_PATHS = NO;
				CLANG_ANALYZER_NONNULL = YES;
				CLANG_ANALYZER_NUMBER_OBJECT_CONVERSION = YES_AGGRESSIVE;
				CLANG_CXX_LANGUAGE_STANDARD = "gnu++14";
				CLANG_CXX_LIBRARY = "libc++";
				CLANG_ENABLE_MODULES = YES;
				CLANG_ENABLE_OBJC_ARC = YES;
				CLANG_ENABLE_OBJC_WEAK = YES;
				CLANG_WARN_BLOCK_CAPTURE_AUTORELEASING = YES;
				CLANG_WARN_BOOL_CONVERSION = YES;
				CLANG_WARN_COMMA = YES;
				CLANG_WARN_CONSTANT_CONVERSION = YES;
				CLANG_WARN_DEPRECATED_OBJC_IMPLEMENTATIONS = YES;
				CLANG_WARN_DIRECT_OBJC_ISA_USAGE = YES_ERROR;
				CLANG_WARN_DOCUMENTATION_COMMENTS = YES;
				CLANG_WARN_EMPTY_BODY = YES;
				CLANG_WARN_ENUM_CONVERSION = YES;
				CLANG_WARN_INFINITE_RECURSION = YES;
				CLANG_WARN_INT_CONVERSION = YES;
				CLANG_WARN_NON_LITERAL_NULL_CONVERSION = YES;
				CLANG_WARN_OBJC_IMPLICIT_RETAIN_SELF = YES;
				CLANG_WARN_OBJC_LITERAL_CONVERSION = YES;
				CLANG_WARN_OBJC_ROOT_CLASS = YES_ERROR;
				CLANG_WARN_QUOTED_INCLUDE_IN_FRAMEWORK_HEADER = YES;
				CLANG_WARN_RANGE_LOOP_ANALYSIS = YES;
				CLANG_WARN_STRICT_PROTOTYPES = YES;
				CLANG_WARN_SUSPICIOUS_MOVE = YES;
				CLANG_WARN_UNGUARDED_AVAILABILITY = YES_AGGRESSIVE;
				CLANG_WARN_UNREACHABLE_CODE = YES;
				CLANG_WARN__DUPLICATE_METHOD_MATCH = YES;
				COPY_PHASE_STRIP = NO;
				DEBUG_INFORMATION_FORMAT = "dwarf-with-dsym";
				ENABLE_NS_ASSERTIONS = NO;
				ENABLE_STRICT_OBJC_MSGSEND = YES;
				GCC_C_LANGUAGE_STANDARD = gnu11;
				GCC_NO_COMMON_BLOCKS = YES;
				GCC_WARN_64_TO_32_BIT_CONVERSION = YES;
				GCC_WARN_ABOUT_RETURN_TYPE = YES_ERROR;
				GCC_WARN_UNDECLARED_SELECTOR = YES;
				GCC_WARN_UNINITIALIZED_AUTOS = YES_AGGRESSIVE;
				GCC_WARN_UNUSED_FUNCTION = YES;
				GCC_WARN_UNUSED_VARIABLE = YES;
				IPHONEOS_DEPLOYMENT_TARGET = 14.1;
				MTL_ENABLE_DEBUG_INFO = NO;
				MTL_FAST_MATH = YES;
				SDKROOT = iphoneos;
				SWIFT_COMPILATION_MODE = wholemodule;
				SWIFT_OPTIMIZATION_LEVEL = "-O";
				VALIDATE_PRODUCT = YES;
			};
			name = Release;
		};
		074615B1254EF8CA00202F5C /* Debug */ = {
			isa = XCBuildConfiguration;
			buildSettings = {
				ASSETCATALOG_COMPILER_APPICON_NAME = AppIcon;
				ASSETCATALOG_COMPILER_GLOBAL_ACCENT_COLOR_NAME = AccentColor;
				CODE_SIGN_STYLE = Automatic;
				DEVELOPMENT_TEAM = 4QG3GC35LA;
				INFOPLIST_FILE = CoreDataSample/Info.plist;
				LD_RUNPATH_SEARCH_PATHS = (
					"$(inherited)",
					"@executable_path/Frameworks",
				);
				PRODUCT_BUNDLE_IDENTIFIER = "-.CoreDataSample";
				PRODUCT_NAME = "$(TARGET_NAME)";
				SWIFT_VERSION = 5.0;
				TARGETED_DEVICE_FAMILY = "1,2";
			};
			name = Debug;
		};
		074615B2254EF8CA00202F5C /* Release */ = {
			isa = XCBuildConfiguration;
			buildSettings = {
				ASSETCATALOG_COMPILER_APPICON_NAME = AppIcon;
				ASSETCATALOG_COMPILER_GLOBAL_ACCENT_COLOR_NAME = AccentColor;
				CODE_SIGN_STYLE = Automatic;
				DEVELOPMENT_TEAM = 4QG3GC35LA;
				INFOPLIST_FILE = CoreDataSample/Info.plist;
				LD_RUNPATH_SEARCH_PATHS = (
					"$(inherited)",
					"@executable_path/Frameworks",
				);
				PRODUCT_BUNDLE_IDENTIFIER = "-.CoreDataSample";
				PRODUCT_NAME = "$(TARGET_NAME)";
				SWIFT_VERSION = 5.0;
				TARGETED_DEVICE_FAMILY = "1,2";
			};
			name = Release;
		};
		074615B4254EF8CA00202F5C /* Debug */ = {
			isa = XCBuildConfiguration;
			buildSettings = {
				ALWAYS_EMBED_SWIFT_STANDARD_LIBRARIES = YES;
				BUNDLE_LOADER = "$(TEST_HOST)";
				CODE_SIGN_STYLE = Automatic;
				DEVELOPMENT_TEAM = 4QG3GC35LA;
				INFOPLIST_FILE = CoreDataSampleTests/Info.plist;
				IPHONEOS_DEPLOYMENT_TARGET = 14.1;
				LD_RUNPATH_SEARCH_PATHS = (
					"$(inherited)",
					"@executable_path/Frameworks",
					"@loader_path/Frameworks",
				);
				PRODUCT_BUNDLE_IDENTIFIER = "-.CoreDataSampleTests";
				PRODUCT_NAME = "$(TARGET_NAME)";
				SWIFT_VERSION = 5.0;
				TARGETED_DEVICE_FAMILY = "1,2";
				TEST_HOST = "$(BUILT_PRODUCTS_DIR)/CoreDataSample.app/CoreDataSample";
			};
			name = Debug;
		};
		074615B5254EF8CA00202F5C /* Release */ = {
			isa = XCBuildConfiguration;
			buildSettings = {
				ALWAYS_EMBED_SWIFT_STANDARD_LIBRARIES = YES;
				BUNDLE_LOADER = "$(TEST_HOST)";
				CODE_SIGN_STYLE = Automatic;
				DEVELOPMENT_TEAM = 4QG3GC35LA;
				INFOPLIST_FILE = CoreDataSampleTests/Info.plist;
				IPHONEOS_DEPLOYMENT_TARGET = 14.1;
				LD_RUNPATH_SEARCH_PATHS = (
					"$(inherited)",
					"@executable_path/Frameworks",
					"@loader_path/Frameworks",
				);
				PRODUCT_BUNDLE_IDENTIFIER = "-.CoreDataSampleTests";
				PRODUCT_NAME = "$(TARGET_NAME)";
				SWIFT_VERSION = 5.0;
				TARGETED_DEVICE_FAMILY = "1,2";
				TEST_HOST = "$(BUILT_PRODUCTS_DIR)/CoreDataSample.app/CoreDataSample";
			};
			name = Release;
		};
		074615B7254EF8CA00202F5C /* Debug */ = {
			isa = XCBuildConfiguration;
			buildSettings = {
				ALWAYS_EMBED_SWIFT_STANDARD_LIBRARIES = YES;
				CODE_SIGN_STYLE = Automatic;
				DEVELOPMENT_TEAM = 4QG3GC35LA;
				INFOPLIST_FILE = CoreDataSampleUITests/Info.plist;
				LD_RUNPATH_SEARCH_PATHS = (
					"$(inherited)",
					"@executable_path/Frameworks",
					"@loader_path/Frameworks",
				);
				PRODUCT_BUNDLE_IDENTIFIER = "-.CoreDataSampleUITests";
				PRODUCT_NAME = "$(TARGET_NAME)";
				SWIFT_VERSION = 5.0;
				TARGETED_DEVICE_FAMILY = "1,2";
				TEST_TARGET_NAME = CoreDataSample;
			};
			name = Debug;
		};
		074615B8254EF8CA00202F5C /* Release */ = {
			isa = XCBuildConfiguration;
			buildSettings = {
				ALWAYS_EMBED_SWIFT_STANDARD_LIBRARIES = YES;
				CODE_SIGN_STYLE = Automatic;
				DEVELOPMENT_TEAM = 4QG3GC35LA;
				INFOPLIST_FILE = CoreDataSampleUITests/Info.plist;
				LD_RUNPATH_SEARCH_PATHS = (
					"$(inherited)",
					"@executable_path/Frameworks",
					"@loader_path/Frameworks",
				);
				PRODUCT_BUNDLE_IDENTIFIER = "-.CoreDataSampleUITests";
				PRODUCT_NAME = "$(TARGET_NAME)";
				SWIFT_VERSION = 5.0;
				TARGETED_DEVICE_FAMILY = "1,2";
				TEST_TARGET_NAME = CoreDataSample;
			};
			name = Release;
		};
/* End XCBuildConfiguration section */

/* Begin XCConfigurationList section */
		0746157E254EF8C700202F5C /* Build configuration list for PBXProject "CoreDataSample" */ = {
			isa = XCConfigurationList;
			buildConfigurations = (
				074615AE254EF8CA00202F5C /* Debug */,
				074615AF254EF8CA00202F5C /* Release */,
			);
			defaultConfigurationIsVisible = 0;
			defaultConfigurationName = Release;
		};
		074615B0254EF8CA00202F5C /* Build configuration list for PBXNativeTarget "CoreDataSample" */ = {
			isa = XCConfigurationList;
			buildConfigurations = (
				074615B1254EF8CA00202F5C /* Debug */,
				074615B2254EF8CA00202F5C /* Release */,
			);
			defaultConfigurationIsVisible = 0;
			defaultConfigurationName = Release;
		};
		074615B3254EF8CA00202F5C /* Build configuration list for PBXNativeTarget "CoreDataSampleTests" */ = {
			isa = XCConfigurationList;
			buildConfigurations = (
				074615B4254EF8CA00202F5C /* Debug */,
				074615B5254EF8CA00202F5C /* Release */,
			);
			defaultConfigurationIsVisible = 0;
			defaultConfigurationName = Release;
		};
		074615B6254EF8CA00202F5C /* Build configuration list for PBXNativeTarget "CoreDataSampleUITests" */ = {
			isa = XCConfigurationList;
			buildConfigurations = (
				074615B7254EF8CA00202F5C /* Debug */,
				074615B8254EF8CA00202F5C /* Release */,
			);
			defaultConfigurationIsVisible = 0;
			defaultConfigurationName = Release;
		};
/* End XCConfigurationList section */

/* Begin XCVersionGroup section */
		0746158F254EF8C700202F5C /* CoreDataSample.xcdatamodeld */ = {
			isa = XCVersionGroup;
			children = (
				07461590254EF8C700202F5C /* CoreDataSample.xcdatamodel */,
			);
			currentVersion = 07461590254EF8C700202F5C /* CoreDataSample.xcdatamodel */;
			path = CoreDataSample.xcdatamodeld;
			sourceTree = "<group>";
			versionGroupType = wrapper.xcdatamodel;
		};
/* End XCVersionGroup section */
	};
	rootObject = 0746157B254EF8C700202F5C /* Project object */;
}
