// !$*UTF8*$!
{
	archiveVersion = 1;
	classes = {
	};
	objectVersion = 50;
	objects = {

/* Begin PBXBuildFile section */
		AAB8FA86251F5BD90031A612 /* KeepViewController.swift in Sources */ = {isa = PBXBuildFile; fileRef = AAB8FA85251F5BD90031A612 /* KeepViewController.swift */; };
		AAEF96FF251F4B06008B8899 /* AppDelegate.swift in Sources */ = {isa = PBXBuildFile; fileRef = AAEF96FE251F4B06008B8899 /* AppDelegate.swift */; };
		AAEF9701251F4B06008B8899 /* SceneDelegate.swift in Sources */ = {isa = PBXBuildFile; fileRef = AAEF9700251F4B06008B8899 /* SceneDelegate.swift */; };
		AAEF9703251F4B06008B8899 /* ViewController.swift in Sources */ = {isa = PBXBuildFile; fileRef = AAEF9702251F4B06008B8899 /* ViewController.swift */; };
		AAEF9706251F4B06008B8899 /* Main.storyboard in Resources */ = {isa = PBXBuildFile; fileRef = AAEF9704251F4B06008B8899 /* Main.storyboard */; };
		AAEF9709251F4B06008B8899 /* SaveRandom.xcdatamodeld in Sources */ = {isa = PBXBuildFile; fileRef = AAEF9707251F4B06008B8899 /* SaveRandom.xcdatamodeld */; };
		AAEF970B251F4B07008B8899 /* Assets.xcassets in Resources */ = {isa = PBXBuildFile; fileRef = AAEF970A251F4B07008B8899 /* Assets.xcassets */; };
		AAEF970E251F4B07008B8899 /* LaunchScreen.storyboard in Resources */ = {isa = PBXBuildFile; fileRef = AAEF970C251F4B07008B8899 /* LaunchScreen.storyboard */; };
/* End PBXBuildFile section */

/* Begin PBXFileReference section */
		AAB8FA85251F5BD90031A612 /* KeepViewController.swift */ = {isa = PBXFileReference; lastKnownFileType = sourcecode.swift; path = KeepViewController.swift; sourceTree = "<group>"; };
		AAEF96FB251F4B06008B8899 /* SaveRandom.app */ = {isa = PBXFileReference; explicitFileType = wrapper.application; includeInIndex = 0; path = SaveRandom.app; sourceTree = BUILT_PRODUCTS_DIR; };
		AAEF96FE251F4B06008B8899 /* AppDelegate.swift */ = {isa = PBXFileReference; lastKnownFileType = sourcecode.swift; path = AppDelegate.swift; sourceTree = "<group>"; };
		AAEF9700251F4B06008B8899 /* SceneDelegate.swift */ = {isa = PBXFileReference; lastKnownFileType = sourcecode.swift; path = SceneDelegate.swift; sourceTree = "<group>"; };
		AAEF9702251F4B06008B8899 /* ViewController.swift */ = {isa = PBXFileReference; lastKnownFileType = sourcecode.swift; path = ViewController.swift; sourceTree = "<group>"; };
		AAEF9705251F4B06008B8899 /* Base */ = {isa = PBXFileReference; lastKnownFileType = file.storyboard; name = Base; path = Base.lproj/Main.storyboard; sourceTree = "<group>"; };
		AAEF9708251F4B06008B8899 /* SaveRandom.xcdatamodel */ = {isa = PBXFileReference; lastKnownFileType = wrapper.xcdatamodel; path = SaveRandom.xcdatamodel; sourceTree = "<group>"; };
		AAEF970A251F4B07008B8899 /* Assets.xcassets */ = {isa = PBXFileReference; lastKnownFileType = folder.assetcatalog; path = Assets.xcassets; sourceTree = "<group>"; };
		AAEF970D251F4B07008B8899 /* Base */ = {isa = PBXFileReference; lastKnownFileType = file.storyboard; name = Base; path = Base.lproj/LaunchScreen.storyboard; sourceTree = "<group>"; };
		AAEF970F251F4B07008B8899 /* Info.plist */ = {isa = PBXFileReference; lastKnownFileType = text.plist.xml; path = Info.plist; sourceTree = "<group>"; };
/* End PBXFileReference section */

/* Begin PBXFrameworksBuildPhase section */
		AAEF96F8251F4B06008B8899 /* Frameworks */ = {
			isa = PBXFrameworksBuildPhase;
			buildActionMask = 2147483647;
			files = (
			);
			runOnlyForDeploymentPostprocessing = 0;
		};
/* End PBXFrameworksBuildPhase section */

/* Begin PBXGroup section */
		AAEF96F2251F4B06008B8899 = {
			isa = PBXGroup;
			children = (
				AAEF96FD251F4B06008B8899 /* SaveRandom */,
				AAEF96FC251F4B06008B8899 /* Products */,
			);
			sourceTree = "<group>";
		};
		AAEF96FC251F4B06008B8899 /* Products */ = {
			isa = PBXGroup;
			children = (
				AAEF96FB251F4B06008B8899 /* SaveRandom.app */,
			);
			name = Products;
			sourceTree = "<group>";
		};
		AAEF96FD251F4B06008B8899 /* SaveRandom */ = {
			isa = PBXGroup;
			children = (
				AAEF96FE251F4B06008B8899 /* AppDelegate.swift */,
				AAEF9700251F4B06008B8899 /* SceneDelegate.swift */,
				AAEF9702251F4B06008B8899 /* ViewController.swift */,
				AAB8FA85251F5BD90031A612 /* KeepViewController.swift */,
				AAEF9704251F4B06008B8899 /* Main.storyboard */,
				AAEF970A251F4B07008B8899 /* Assets.xcassets */,
				AAEF970C251F4B07008B8899 /* LaunchScreen.storyboard */,
				AAEF970F251F4B07008B8899 /* Info.plist */,
				AAEF9707251F4B06008B8899 /* SaveRandom.xcdatamodeld */,
			);
			path = SaveRandom;
			sourceTree = "<group>";
		};
/* End PBXGroup section */

/* Begin PBXNativeTarget section */
		AAEF96FA251F4B06008B8899 /* SaveRandom */ = {
			isa = PBXNativeTarget;
			buildConfigurationList = AAEF9712251F4B07008B8899 /* Build configuration list for PBXNativeTarget "SaveRandom" */;
			buildPhases = (
				AAEF96F7251F4B06008B8899 /* Sources */,
				AAEF96F8251F4B06008B8899 /* Frameworks */,
				AAEF96F9251F4B06008B8899 /* Resources */,
			);
			buildRules = (
			);
			dependencies = (
			);
			name = SaveRandom;
			productName = SaveRandom;
			productReference = AAEF96FB251F4B06008B8899 /* SaveRandom.app */;
			productType = "com.apple.product-type.application";
		};
/* End PBXNativeTarget section */

/* Begin PBXProject section */
		AAEF96F3251F4B06008B8899 /* Project object */ = {
			isa = PBXProject;
			attributes = {
				LastSwiftUpdateCheck = 1200;
				LastUpgradeCheck = 1200;
				TargetAttributes = {
					AAEF96FA251F4B06008B8899 = {
						CreatedOnToolsVersion = 12.0.1;
					};
				};
			};
			buildConfigurationList = AAEF96F6251F4B06008B8899 /* Build configuration list for PBXProject "SaveRandom" */;
			compatibilityVersion = "Xcode 9.3";
			developmentRegion = en;
			hasScannedForEncodings = 0;
			knownRegions = (
				en,
				Base,
			);
			mainGroup = AAEF96F2251F4B06008B8899;
			productRefGroup = AAEF96FC251F4B06008B8899 /* Products */;
			projectDirPath = "";
			projectRoot = "";
			targets = (
				AAEF96FA251F4B06008B8899 /* SaveRandom */,
			);
		};
/* End PBXProject section */

/* Begin PBXResourcesBuildPhase section */
		AAEF96F9251F4B06008B8899 /* Resources */ = {
			isa = PBXResourcesBuildPhase;
			buildActionMask = 2147483647;
			files = (
				AAEF970E251F4B07008B8899 /* LaunchScreen.storyboard in Resources */,
				AAEF970B251F4B07008B8899 /* Assets.xcassets in Resources */,
				AAEF9706251F4B06008B8899 /* Main.storyboard in Resources */,
			);
			runOnlyForDeploymentPostprocessing = 0;
		};
/* End PBXResourcesBuildPhase section */

/* Begin PBXSourcesBuildPhase section */
		AAEF96F7251F4B06008B8899 /* Sources */ = {
			isa = PBXSourcesBuildPhase;
			buildActionMask = 2147483647;
			files = (
				AAEF9703251F4B06008B8899 /* ViewController.swift in Sources */,
				AAEF96FF251F4B06008B8899 /* AppDelegate.swift in Sources */,
				AAEF9701251F4B06008B8899 /* SceneDelegate.swift in Sources */,
				AAB8FA86251F5BD90031A612 /* KeepViewController.swift in Sources */,
				AAEF9709251F4B06008B8899 /* SaveRandom.xcdatamodeld in Sources */,
			);
			runOnlyForDeploymentPostprocessing = 0;
		};
/* End PBXSourcesBuildPhase section */

/* Begin PBXVariantGroup section */
		AAEF9704251F4B06008B8899 /* Main.storyboard */ = {
			isa = PBXVariantGroup;
			children = (
				AAEF9705251F4B06008B8899 /* Base */,
			);
			name = Main.storyboard;
			sourceTree = "<group>";
		};
		AAEF970C251F4B07008B8899 /* LaunchScreen.storyboard */ = {
			isa = PBXVariantGroup;
			children = (
				AAEF970D251F4B07008B8899 /* Base */,
			);
			name = LaunchScreen.storyboard;
			sourceTree = "<group>";
		};
/* End PBXVariantGroup section */

/* Begin XCBuildConfiguration section */
		AAEF9710251F4B07008B8899 /* Debug */ = {
			isa = XCBuildConfiguration;
			buildSettings = {
				ALWAYS_SEARCH_USER_PATHS = NO;
				CLANG_ANALYZER_NONNULL = YES;
				CLANG_ANALYZER_NUMBER_OBJECT_CONVERSION = YES_AGGRESSIVE;
				CLANG_CXX_LANGUAGE_STANDARD = "gnu++14";
				CLANG_CXX_LIBRARY = "libc++";
				CLANG_ENABLE_MODULES = YES;
				CLANG_ENABLE_OBJC_ARC = YES;
				CLANG_ENABLE_OBJC_WEAK = YES;
				CLANG_WARN_BLOCK_CAPTURE_AUTORELEASING = YES;
				CLANG_WARN_BOOL_CONVERSION = YES;
				CLANG_WARN_COMMA = YES;
				CLANG_WARN_CONSTANT_CONVERSION = YES;
				CLANG_WARN_DEPRECATED_OBJC_IMPLEMENTATIONS = YES;
				CLANG_WARN_DIRECT_OBJC_ISA_USAGE = YES_ERROR;
				CLANG_WARN_DOCUMENTATION_COMMENTS = YES;
				CLANG_WARN_EMPTY_BODY = YES;
				CLANG_WARN_ENUM_CONVERSION = YES;
				CLANG_WARN_INFINITE_RECURSION = YES;
				CLANG_WARN_INT_CONVERSION = YES;
				CLANG_WARN_NON_LITERAL_NULL_CONVERSION = YES;
				CLANG_WARN_OBJC_IMPLICIT_RETAIN_SELF = YES;
				CLANG_WARN_OBJC_LITERAL_CONVERSION = YES;
				CLANG_WARN_OBJC_ROOT_CLASS = YES_ERROR;
				CLANG_WARN_QUOTED_INCLUDE_IN_FRAMEWORK_HEADER = YES;
				CLANG_WARN_RANGE_LOOP_ANALYSIS = YES;
				CLANG_WARN_STRICT_PROTOTYPES = YES;
				CLANG_WARN_SUSPICIOUS_MOVE = YES;
				CLANG_WARN_UNGUARDED_AVAILABILITY = YES_AGGRESSIVE;
				CLANG_WARN_UNREACHABLE_CODE = YES;
				CLANG_WARN__DUPLICATE_METHOD_MATCH = YES;
				COPY_PHASE_STRIP = NO;
				DEBUG_INFORMATION_FORMAT = dwarf;
				ENABLE_STRICT_OBJC_MSGSEND = YES;
				ENABLE_TESTABILITY = YES;
				GCC_C_LANGUAGE_STANDARD = gnu11;
				GCC_DYNAMIC_NO_PIC = NO;
				GCC_NO_COMMON_BLOCKS = YES;
				GCC_OPTIMIZATION_LEVEL = 0;
				GCC_PREPROCESSOR_DEFINITIONS = (
					"DEBUG=1",
					"$(inherited)",
				);
				GCC_WARN_64_TO_32_BIT_CONVERSION = YES;
				GCC_WARN_ABOUT_RETURN_TYPE = YES_ERROR;
				GCC_WARN_UNDECLARED_SELECTOR = YES;
				GCC_WARN_UNINITIALIZED_AUTOS = YES_AGGRESSIVE;
				GCC_WARN_UNUSED_FUNCTION = YES;
				GCC_WARN_UNUSED_VARIABLE = YES;
				IPHONEOS_DEPLOYMENT_TARGET = 14.0;
				MTL_ENABLE_DEBUG_INFO = INCLUDE_SOURCE;
				MTL_FAST_MATH = YES;
				ONLY_ACTIVE_ARCH = YES;
				SDKROOT = iphoneos;
				SWIFT_ACTIVE_COMPILATION_CONDITIONS = DEBUG;
				SWIFT_OPTIMIZATION_LEVEL = "-Onone";
			};
			name = Debug;
		};
		AAEF9711251F4B07008B8899 /* Release */ = {
			isa = XCBuildConfiguration;
			buildSettings = {
				ALWAYS_SEARCH_USER_PATHS = NO;
				CLANG_ANALYZER_NONNULL = YES;
				CLANG_ANALYZER_NUMBER_OBJECT_CONVERSION = YES_AGGRESSIVE;
				CLANG_CXX_LANGUAGE_STANDARD = "gnu++14";
				CLANG_CXX_LIBRARY = "libc++";
				CLANG_ENABLE_MODULES = YES;
				CLANG_ENABLE_OBJC_ARC = YES;
				CLANG_ENABLE_OBJC_WEAK = YES;
				CLANG_WARN_BLOCK_CAPTURE_AUTORELEASING = YES;
				CLANG_WARN_BOOL_CONVERSION = YES;
				CLANG_WARN_COMMA = YES;
				CLANG_WARN_CONSTANT_CONVERSION = YES;
				CLANG_WARN_DEPRECATED_OBJC_IMPLEMENTATIONS = YES;
				CLANG_WARN_DIRECT_OBJC_ISA_USAGE = YES_ERROR;
				CLANG_WARN_DOCUMENTATION_COMMENTS = YES;
				CLANG_WARN_EMPTY_BODY = YES;
				CLANG_WARN_ENUM_CONVERSION = YES;
				CLANG_WARN_INFINITE_RECURSION = YES;
				CLANG_WARN_INT_CONVERSION = YES;
				CLANG_WARN_NON_LITERAL_NULL_CONVERSION = YES;
				CLANG_WARN_OBJC_IMPLICIT_RETAIN_SELF = YES;
				CLANG_WARN_OBJC_LITERAL_CONVERSION = YES;
				CLANG_WARN_OBJC_ROOT_CLASS = YES_ERROR;
				CLANG_WARN_QUOTED_INCLUDE_IN_FRAMEWORK_HEADER = YES;
				CLANG_WARN_RANGE_LOOP_ANALYSIS = YES;
				CLANG_WARN_STRICT_PROTOTYPES = YES;
				CLANG_WARN_SUSPICIOUS_MOVE = YES;
				CLANG_WARN_UNGUARDED_AVAILABILITY = YES_AGGRESSIVE;
				CLANG_WARN_UNREACHABLE_CODE = YES;
				CLANG_WARN__DUPLICATE_METHOD_MATCH = YES;
				COPY_PHASE_STRIP = NO;
				DEBUG_INFORMATION_FORMAT = "dwarf-with-dsym";
				ENABLE_NS_ASSERTIONS = NO;
				ENABLE_STRICT_OBJC_MSGSEND = YES;
				GCC_C_LANGUAGE_STANDARD = gnu11;
				GCC_NO_COMMON_BLOCKS = YES;
				GCC_WARN_64_TO_32_BIT_CONVERSION = YES;
				GCC_WARN_ABOUT_RETURN_TYPE = YES_ERROR;
				GCC_WARN_UNDECLARED_SELECTOR = YES;
				GCC_WARN_UNINITIALIZED_AUTOS = YES_AGGRESSIVE;
				GCC_WARN_UNUSED_FUNCTION = YES;
				GCC_WARN_UNUSED_VARIABLE = YES;
				IPHONEOS_DEPLOYMENT_TARGET = 14.0;
				MTL_ENABLE_DEBUG_INFO = NO;
				MTL_FAST_MATH = YES;
				SDKROOT = iphoneos;
				SWIFT_COMPILATION_MODE = wholemodule;
				SWIFT_OPTIMIZATION_LEVEL = "-O";
				VALIDATE_PRODUCT = YES;
			};
			name = Release;
		};
		AAEF9713251F4B07008B8899 /* Debug */ = {
			isa = XCBuildConfiguration;
			buildSettings = {
				ASSETCATALOG_COMPILER_APPICON_NAME = AppIcon;
				ASSETCATALOG_COMPILER_GLOBAL_ACCENT_COLOR_NAME = AccentColor;
				CODE_SIGN_STYLE = Automatic;
				DEVELOPMENT_TEAM = BUQALMX6AJ;
				INFOPLIST_FILE = SaveRandom/Info.plist;
				LD_RUNPATH_SEARCH_PATHS = (
					"$(inherited)",
					"@executable_path/Frameworks",
				);
				PRODUCT_BUNDLE_IDENTIFIER = eunbee.SaveRandom;
				PRODUCT_NAME = "$(TARGET_NAME)";
				SWIFT_VERSION = 5.0;
				TARGETED_DEVICE_FAMILY = "1,2";
			};
			name = Debug;
		};
		AAEF9714251F4B07008B8899 /* Release */ = {
			isa = XCBuildConfiguration;
			buildSettings = {
				ASSETCATALOG_COMPILER_APPICON_NAME = AppIcon;
				ASSETCATALOG_COMPILER_GLOBAL_ACCENT_COLOR_NAME = AccentColor;
				CODE_SIGN_STYLE = Automatic;
				DEVELOPMENT_TEAM = BUQALMX6AJ;
				INFOPLIST_FILE = SaveRandom/Info.plist;
				LD_RUNPATH_SEARCH_PATHS = (
					"$(inherited)",
					"@executable_path/Frameworks",
				);
				PRODUCT_BUNDLE_IDENTIFIER = eunbee.SaveRandom;
				PRODUCT_NAME = "$(TARGET_NAME)";
				SWIFT_VERSION = 5.0;
				TARGETED_DEVICE_FAMILY = "1,2";
			};
			name = Release;
		};
/* End XCBuildConfiguration section */

/* Begin XCConfigurationList section */
		AAEF96F6251F4B06008B8899 /* Build configuration list for PBXProject "SaveRandom" */ = {
			isa = XCConfigurationList;
			buildConfigurations = (
				AAEF9710251F4B07008B8899 /* Debug */,
				AAEF9711251F4B07008B8899 /* Release */,
			);
			defaultConfigurationIsVisible = 0;
			defaultConfigurationName = Release;
		};
		AAEF9712251F4B07008B8899 /* Build configuration list for PBXNativeTarget "SaveRandom" */ = {
			isa = XCConfigurationList;
			buildConfigurations = (
				AAEF9713251F4B07008B8899 /* Debug */,
				AAEF9714251F4B07008B8899 /* Release */,
			);
			defaultConfigurationIsVisible = 0;
			defaultConfigurationName = Release;
		};
/* End XCConfigurationList section */

/* Begin XCVersionGroup section */
		AAEF9707251F4B06008B8899 /* SaveRandom.xcdatamodeld */ = {
			isa = XCVersionGroup;
			children = (
				AAEF9708251F4B06008B8899 /* SaveRandom.xcdatamodel */,
			);
			currentVersion = AAEF9708251F4B06008B8899 /* SaveRandom.xcdatamodel */;
			path = SaveRandom.xcdatamodeld;
			sourceTree = "<group>";
			versionGroupType = wrapper.xcdatamodel;
		};
/* End XCVersionGroup section */
	};
	rootObject = AAEF96F3251F4B06008B8899 /* Project object */;
}
