// !$*UTF8*$!
{
	archiveVersion = 1;
	classes = {
	};
	objectVersion = 50;
	objects = {

/* Begin PBXBuildFile section */
		AA46C7AD253EE34A006A43A9 /* AppDelegate.swift in Sources */ = {isa = PBXBuildFile; fileRef = AA46C7AC253EE34A006A43A9 /* AppDelegate.swift */; };
		AA46C7AF253EE34A006A43A9 /* SceneDelegate.swift in Sources */ = {isa = PBXBuildFile; fileRef = AA46C7AE253EE34A006A43A9 /* SceneDelegate.swift */; };
		AA46C7B1253EE34A006A43A9 /* ViewController.swift in Sources */ = {isa = PBXBuildFile; fileRef = AA46C7B0253EE34A006A43A9 /* ViewController.swift */; };
		AA46C7B4253EE34A006A43A9 /* Main.storyboard in Resources */ = {isa = PBXBuildFile; fileRef = AA46C7B2253EE34A006A43A9 /* Main.storyboard */; };
		AA46C7B7253EE34A006A43A9 /* MogrigeStoryboard.xcdatamodeld in Sources */ = {isa = PBXBuildFile; fileRef = AA46C7B5253EE34A006A43A9 /* MogrigeStoryboard.xcdatamodeld */; };
		AA46C7B9253EE34B006A43A9 /* Assets.xcassets in Resources */ = {isa = PBXBuildFile; fileRef = AA46C7B8253EE34B006A43A9 /* Assets.xcassets */; };
		AA46C7BC253EE34B006A43A9 /* LaunchScreen.storyboard in Resources */ = {isa = PBXBuildFile; fileRef = AA46C7BA253EE34B006A43A9 /* LaunchScreen.storyboard */; };
		AA46C7C5253F0E21006A43A9 /* NotoSerifKR-Regular.otf in Resources */ = {isa = PBXBuildFile; fileRef = AA46C7C4253F0E0D006A43A9 /* NotoSerifKR-Regular.otf */; };
		AA46C7C8253F1908006A43A9 /* NotoSerifKR-Bold.otf in Resources */ = {isa = PBXBuildFile; fileRef = AA46C7C7253F1904006A43A9 /* NotoSerifKR-Bold.otf */; };
		AA46C7CF253F3A99006A43A9 /* NotoSerifCJKkr-SemiBold.otf in Resources */ = {isa = PBXBuildFile; fileRef = AA46C7CE253F3A96006A43A9 /* NotoSerifCJKkr-SemiBold.otf */; };
/* End PBXBuildFile section */

/* Begin PBXFileReference section */
		AA46C7A9253EE34A006A43A9 /* MogrigeStoryboard.app */ = {isa = PBXFileReference; explicitFileType = wrapper.application; includeInIndex = 0; path = MogrigeStoryboard.app; sourceTree = BUILT_PRODUCTS_DIR; };
		AA46C7AC253EE34A006A43A9 /* AppDelegate.swift */ = {isa = PBXFileReference; lastKnownFileType = sourcecode.swift; path = AppDelegate.swift; sourceTree = "<group>"; };
		AA46C7AE253EE34A006A43A9 /* SceneDelegate.swift */ = {isa = PBXFileReference; lastKnownFileType = sourcecode.swift; path = SceneDelegate.swift; sourceTree = "<group>"; };
		AA46C7B0253EE34A006A43A9 /* ViewController.swift */ = {isa = PBXFileReference; lastKnownFileType = sourcecode.swift; path = ViewController.swift; sourceTree = "<group>"; };
		AA46C7B3253EE34A006A43A9 /* Base */ = {isa = PBXFileReference; lastKnownFileType = file.storyboard; name = Base; path = Base.lproj/Main.storyboard; sourceTree = "<group>"; };
		AA46C7B6253EE34A006A43A9 /* MogrigeStoryboard.xcdatamodel */ = {isa = PBXFileReference; lastKnownFileType = wrapper.xcdatamodel; path = MogrigeStoryboard.xcdatamodel; sourceTree = "<group>"; };
		AA46C7B8253EE34B006A43A9 /* Assets.xcassets */ = {isa = PBXFileReference; lastKnownFileType = folder.assetcatalog; path = Assets.xcassets; sourceTree = "<group>"; };
		AA46C7BB253EE34B006A43A9 /* Base */ = {isa = PBXFileReference; lastKnownFileType = file.storyboard; name = Base; path = Base.lproj/LaunchScreen.storyboard; sourceTree = "<group>"; };
		AA46C7BD253EE34B006A43A9 /* Info.plist */ = {isa = PBXFileReference; lastKnownFileType = text.plist.xml; path = Info.plist; sourceTree = "<group>"; };
		AA46C7C4253F0E0D006A43A9 /* NotoSerifKR-Regular.otf */ = {isa = PBXFileReference; lastKnownFileType = file; path = "NotoSerifKR-Regular.otf"; sourceTree = "<group>"; };
		AA46C7C7253F1904006A43A9 /* NotoSerifKR-Bold.otf */ = {isa = PBXFileReference; lastKnownFileType = file; path = "NotoSerifKR-Bold.otf"; sourceTree = "<group>"; };
		AA46C7CE253F3A96006A43A9 /* NotoSerifCJKkr-SemiBold.otf */ = {isa = PBXFileReference; lastKnownFileType = file; path = "NotoSerifCJKkr-SemiBold.otf"; sourceTree = "<group>"; };
/* End PBXFileReference section */

/* Begin PBXFrameworksBuildPhase section */
		AA46C7A6253EE34A006A43A9 /* Frameworks */ = {
			isa = PBXFrameworksBuildPhase;
			buildActionMask = 2147483647;
			files = (
			);
			runOnlyForDeploymentPostprocessing = 0;
		};
/* End PBXFrameworksBuildPhase section */

/* Begin PBXGroup section */
		AA46C7A0253EE34A006A43A9 = {
			isa = PBXGroup;
			children = (
				AA46C7AB253EE34A006A43A9 /* MogrigeStoryboard */,
				AA46C7AA253EE34A006A43A9 /* Products */,
			);
			sourceTree = "<group>";
		};
		AA46C7AA253EE34A006A43A9 /* Products */ = {
			isa = PBXGroup;
			children = (
				AA46C7A9253EE34A006A43A9 /* MogrigeStoryboard.app */,
			);
			name = Products;
			sourceTree = "<group>";
		};
		AA46C7AB253EE34A006A43A9 /* MogrigeStoryboard */ = {
			isa = PBXGroup;
			children = (
				AA46C7AC253EE34A006A43A9 /* AppDelegate.swift */,
				AA46C7AE253EE34A006A43A9 /* SceneDelegate.swift */,
				AA46C7B0253EE34A006A43A9 /* ViewController.swift */,
				AA46C7B2253EE34A006A43A9 /* Main.storyboard */,
				AA46C7C7253F1904006A43A9 /* NotoSerifKR-Bold.otf */,
				AA46C7C4253F0E0D006A43A9 /* NotoSerifKR-Regular.otf */,
				AA46C7CE253F3A96006A43A9 /* NotoSerifCJKkr-SemiBold.otf */,
				AA46C7B8253EE34B006A43A9 /* Assets.xcassets */,
				AA46C7BA253EE34B006A43A9 /* LaunchScreen.storyboard */,
				AA46C7BD253EE34B006A43A9 /* Info.plist */,
				AA46C7B5253EE34A006A43A9 /* MogrigeStoryboard.xcdatamodeld */,
			);
			path = MogrigeStoryboard;
			sourceTree = "<group>";
		};
/* End PBXGroup section */

/* Begin PBXNativeTarget section */
		AA46C7A8253EE34A006A43A9 /* MogrigeStoryboard */ = {
			isa = PBXNativeTarget;
			buildConfigurationList = AA46C7C0253EE34B006A43A9 /* Build configuration list for PBXNativeTarget "MogrigeStoryboard" */;
			buildPhases = (
				AA46C7A5253EE34A006A43A9 /* Sources */,
				AA46C7A6253EE34A006A43A9 /* Frameworks */,
				AA46C7A7253EE34A006A43A9 /* Resources */,
			);
			buildRules = (
			);
			dependencies = (
			);
			name = MogrigeStoryboard;
			productName = MogrigeStoryboard;
			productReference = AA46C7A9253EE34A006A43A9 /* MogrigeStoryboard.app */;
			productType = "com.apple.product-type.application";
		};
/* End PBXNativeTarget section */

/* Begin PBXProject section */
		AA46C7A1253EE34A006A43A9 /* Project object */ = {
			isa = PBXProject;
			attributes = {
				LastSwiftUpdateCheck = 1200;
				LastUpgradeCheck = 1200;
				TargetAttributes = {
					AA46C7A8253EE34A006A43A9 = {
						CreatedOnToolsVersion = 12.0.1;
					};
				};
			};
			buildConfigurationList = AA46C7A4253EE34A006A43A9 /* Build configuration list for PBXProject "MogrigeStoryboard" */;
			compatibilityVersion = "Xcode 9.3";
			developmentRegion = en;
			hasScannedForEncodings = 0;
			knownRegions = (
				en,
				Base,
			);
			mainGroup = AA46C7A0253EE34A006A43A9;
			productRefGroup = AA46C7AA253EE34A006A43A9 /* Products */;
			projectDirPath = "";
			projectRoot = "";
			targets = (
				AA46C7A8253EE34A006A43A9 /* MogrigeStoryboard */,
			);
		};
/* End PBXProject section */

/* Begin PBXResourcesBuildPhase section */
		AA46C7A7253EE34A006A43A9 /* Resources */ = {
			isa = PBXResourcesBuildPhase;
			buildActionMask = 2147483647;
			files = (
				AA46C7BC253EE34B006A43A9 /* LaunchScreen.storyboard in Resources */,
				AA46C7B9253EE34B006A43A9 /* Assets.xcassets in Resources */,
				AA46C7CF253F3A99006A43A9 /* NotoSerifCJKkr-SemiBold.otf in Resources */,
				AA46C7B4253EE34A006A43A9 /* Main.storyboard in Resources */,
				AA46C7C8253F1908006A43A9 /* NotoSerifKR-Bold.otf in Resources */,
				AA46C7C5253F0E21006A43A9 /* NotoSerifKR-Regular.otf in Resources */,
			);
			runOnlyForDeploymentPostprocessing = 0;
		};
/* End PBXResourcesBuildPhase section */

/* Begin PBXSourcesBuildPhase section */
		AA46C7A5253EE34A006A43A9 /* Sources */ = {
			isa = PBXSourcesBuildPhase;
			buildActionMask = 2147483647;
			files = (
				AA46C7B1253EE34A006A43A9 /* ViewController.swift in Sources */,
				AA46C7B7253EE34A006A43A9 /* MogrigeStoryboard.xcdatamodeld in Sources */,
				AA46C7AD253EE34A006A43A9 /* AppDelegate.swift in Sources */,
				AA46C7AF253EE34A006A43A9 /* SceneDelegate.swift in Sources */,
			);
			runOnlyForDeploymentPostprocessing = 0;
		};
/* End PBXSourcesBuildPhase section */

/* Begin PBXVariantGroup section */
		AA46C7B2253EE34A006A43A9 /* Main.storyboard */ = {
			isa = PBXVariantGroup;
			children = (
				AA46C7B3253EE34A006A43A9 /* Base */,
			);
			name = Main.storyboard;
			sourceTree = "<group>";
		};
		AA46C7BA253EE34B006A43A9 /* LaunchScreen.storyboard */ = {
			isa = PBXVariantGroup;
			children = (
				AA46C7BB253EE34B006A43A9 /* Base */,
			);
			name = LaunchScreen.storyboard;
			sourceTree = "<group>";
		};
/* End PBXVariantGroup section */

/* Begin XCBuildConfiguration section */
		AA46C7BE253EE34B006A43A9 /* Debug */ = {
			isa = XCBuildConfiguration;
			buildSettings = {
				ALWAYS_SEARCH_USER_PATHS = NO;
				CLANG_ANALYZER_NONNULL = YES;
				CLANG_ANALYZER_NUMBER_OBJECT_CONVERSION = YES_AGGRESSIVE;
				CLANG_CXX_LANGUAGE_STANDARD = "gnu++14";
				CLANG_CXX_LIBRARY = "libc++";
				CLANG_ENABLE_MODULES = YES;
				CLANG_ENABLE_OBJC_ARC = YES;
				CLANG_ENABLE_OBJC_WEAK = YES;
				CLANG_WARN_BLOCK_CAPTURE_AUTORELEASING = YES;
				CLANG_WARN_BOOL_CONVERSION = YES;
				CLANG_WARN_COMMA = YES;
				CLANG_WARN_CONSTANT_CONVERSION = YES;
				CLANG_WARN_DEPRECATED_OBJC_IMPLEMENTATIONS = YES;
				CLANG_WARN_DIRECT_OBJC_ISA_USAGE = YES_ERROR;
				CLANG_WARN_DOCUMENTATION_COMMENTS = YES;
				CLANG_WARN_EMPTY_BODY = YES;
				CLANG_WARN_ENUM_CONVERSION = YES;
				CLANG_WARN_INFINITE_RECURSION = YES;
				CLANG_WARN_INT_CONVERSION = YES;
				CLANG_WARN_NON_LITERAL_NULL_CONVERSION = YES;
				CLANG_WARN_OBJC_IMPLICIT_RETAIN_SELF = YES;
				CLANG_WARN_OBJC_LITERAL_CONVERSION = YES;
				CLANG_WARN_OBJC_ROOT_CLASS = YES_ERROR;
				CLANG_WARN_QUOTED_INCLUDE_IN_FRAMEWORK_HEADER = YES;
				CLANG_WARN_RANGE_LOOP_ANALYSIS = YES;
				CLANG_WARN_STRICT_PROTOTYPES = YES;
				CLANG_WARN_SUSPICIOUS_MOVE = YES;
				CLANG_WARN_UNGUARDED_AVAILABILITY = YES_AGGRESSIVE;
				CLANG_WARN_UNREACHABLE_CODE = YES;
				CLANG_WARN__DUPLICATE_METHOD_MATCH = YES;
				COPY_PHASE_STRIP = NO;
				DEBUG_INFORMATION_FORMAT = dwarf;
				ENABLE_STRICT_OBJC_MSGSEND = YES;
				ENABLE_TESTABILITY = YES;
				GCC_C_LANGUAGE_STANDARD = gnu11;
				GCC_DYNAMIC_NO_PIC = NO;
				GCC_NO_COMMON_BLOCKS = YES;
				GCC_OPTIMIZATION_LEVEL = 0;
				GCC_PREPROCESSOR_DEFINITIONS = (
					"DEBUG=1",
					"$(inherited)",
				);
				GCC_WARN_64_TO_32_BIT_CONVERSION = YES;
				GCC_WARN_ABOUT_RETURN_TYPE = YES_ERROR;
				GCC_WARN_UNDECLARED_SELECTOR = YES;
				GCC_WARN_UNINITIALIZED_AUTOS = YES_AGGRESSIVE;
				GCC_WARN_UNUSED_FUNCTION = YES;
				GCC_WARN_UNUSED_VARIABLE = YES;
				IPHONEOS_DEPLOYMENT_TARGET = 14.0;
				MTL_ENABLE_DEBUG_INFO = INCLUDE_SOURCE;
				MTL_FAST_MATH = YES;
				ONLY_ACTIVE_ARCH = YES;
				SDKROOT = iphoneos;
				SWIFT_ACTIVE_COMPILATION_CONDITIONS = DEBUG;
				SWIFT_OPTIMIZATION_LEVEL = "-Onone";
			};
			name = Debug;
		};
		AA46C7BF253EE34B006A43A9 /* Release */ = {
			isa = XCBuildConfiguration;
			buildSettings = {
				ALWAYS_SEARCH_USER_PATHS = NO;
				CLANG_ANALYZER_NONNULL = YES;
				CLANG_ANALYZER_NUMBER_OBJECT_CONVERSION = YES_AGGRESSIVE;
				CLANG_CXX_LANGUAGE_STANDARD = "gnu++14";
				CLANG_CXX_LIBRARY = "libc++";
				CLANG_ENABLE_MODULES = YES;
				CLANG_ENABLE_OBJC_ARC = YES;
				CLANG_ENABLE_OBJC_WEAK = YES;
				CLANG_WARN_BLOCK_CAPTURE_AUTORELEASING = YES;
				CLANG_WARN_BOOL_CONVERSION = YES;
				CLANG_WARN_COMMA = YES;
				CLANG_WARN_CONSTANT_CONVERSION = YES;
				CLANG_WARN_DEPRECATED_OBJC_IMPLEMENTATIONS = YES;
				CLANG_WARN_DIRECT_OBJC_ISA_USAGE = YES_ERROR;
				CLANG_WARN_DOCUMENTATION_COMMENTS = YES;
				CLANG_WARN_EMPTY_BODY = YES;
				CLANG_WARN_ENUM_CONVERSION = YES;
				CLANG_WARN_INFINITE_RECURSION = YES;
				CLANG_WARN_INT_CONVERSION = YES;
				CLANG_WARN_NON_LITERAL_NULL_CONVERSION = YES;
				CLANG_WARN_OBJC_IMPLICIT_RETAIN_SELF = YES;
				CLANG_WARN_OBJC_LITERAL_CONVERSION = YES;
				CLANG_WARN_OBJC_ROOT_CLASS = YES_ERROR;
				CLANG_WARN_QUOTED_INCLUDE_IN_FRAMEWORK_HEADER = YES;
				CLANG_WARN_RANGE_LOOP_ANALYSIS = YES;
				CLANG_WARN_STRICT_PROTOTYPES = YES;
				CLANG_WARN_SUSPICIOUS_MOVE = YES;
				CLANG_WARN_UNGUARDED_AVAILABILITY = YES_AGGRESSIVE;
				CLANG_WARN_UNREACHABLE_CODE = YES;
				CLANG_WARN__DUPLICATE_METHOD_MATCH = YES;
				COPY_PHASE_STRIP = NO;
				DEBUG_INFORMATION_FORMAT = "dwarf-with-dsym";
				ENABLE_NS_ASSERTIONS = NO;
				ENABLE_STRICT_OBJC_MSGSEND = YES;
				GCC_C_LANGUAGE_STANDARD = gnu11;
				GCC_NO_COMMON_BLOCKS = YES;
				GCC_WARN_64_TO_32_BIT_CONVERSION = YES;
				GCC_WARN_ABOUT_RETURN_TYPE = YES_ERROR;
				GCC_WARN_UNDECLARED_SELECTOR = YES;
				GCC_WARN_UNINITIALIZED_AUTOS = YES_AGGRESSIVE;
				GCC_WARN_UNUSED_FUNCTION = YES;
				GCC_WARN_UNUSED_VARIABLE = YES;
				IPHONEOS_DEPLOYMENT_TARGET = 14.0;
				MTL_ENABLE_DEBUG_INFO = NO;
				MTL_FAST_MATH = YES;
				SDKROOT = iphoneos;
				SWIFT_COMPILATION_MODE = wholemodule;
				SWIFT_OPTIMIZATION_LEVEL = "-O";
				VALIDATE_PRODUCT = YES;
			};
			name = Release;
		};
		AA46C7C1253EE34B006A43A9 /* Debug */ = {
			isa = XCBuildConfiguration;
			buildSettings = {
				ASSETCATALOG_COMPILER_APPICON_NAME = AppIcon;
				ASSETCATALOG_COMPILER_GLOBAL_ACCENT_COLOR_NAME = AccentColor;
				CODE_SIGN_STYLE = Automatic;
				DEVELOPMENT_TEAM = BUQALMX6AJ;
				INFOPLIST_FILE = MogrigeStoryboard/Info.plist;
				LD_RUNPATH_SEARCH_PATHS = (
					"$(inherited)",
					"@executable_path/Frameworks",
				);
				PRODUCT_BUNDLE_IDENTIFIER = eunbee.MogrigeStoryboard;
				PRODUCT_NAME = "$(TARGET_NAME)";
				SWIFT_VERSION = 5.0;
				TARGETED_DEVICE_FAMILY = "1,2";
			};
			name = Debug;
		};
		AA46C7C2253EE34B006A43A9 /* Release */ = {
			isa = XCBuildConfiguration;
			buildSettings = {
				ASSETCATALOG_COMPILER_APPICON_NAME = AppIcon;
				ASSETCATALOG_COMPILER_GLOBAL_ACCENT_COLOR_NAME = AccentColor;
				CODE_SIGN_STYLE = Automatic;
				DEVELOPMENT_TEAM = BUQALMX6AJ;
				INFOPLIST_FILE = MogrigeStoryboard/Info.plist;
				LD_RUNPATH_SEARCH_PATHS = (
					"$(inherited)",
					"@executable_path/Frameworks",
				);
				PRODUCT_BUNDLE_IDENTIFIER = eunbee.MogrigeStoryboard;
				PRODUCT_NAME = "$(TARGET_NAME)";
				SWIFT_VERSION = 5.0;
				TARGETED_DEVICE_FAMILY = "1,2";
			};
			name = Release;
		};
/* End XCBuildConfiguration section */

/* Begin XCConfigurationList section */
		AA46C7A4253EE34A006A43A9 /* Build configuration list for PBXProject "MogrigeStoryboard" */ = {
			isa = XCConfigurationList;
			buildConfigurations = (
				AA46C7BE253EE34B006A43A9 /* Debug */,
				AA46C7BF253EE34B006A43A9 /* Release */,
			);
			defaultConfigurationIsVisible = 0;
			defaultConfigurationName = Release;
		};
		AA46C7C0253EE34B006A43A9 /* Build configuration list for PBXNativeTarget "MogrigeStoryboard" */ = {
			isa = XCConfigurationList;
			buildConfigurations = (
				AA46C7C1253EE34B006A43A9 /* Debug */,
				AA46C7C2253EE34B006A43A9 /* Release */,
			);
			defaultConfigurationIsVisible = 0;
			defaultConfigurationName = Release;
		};
/* End XCConfigurationList section */

/* Begin XCVersionGroup section */
		AA46C7B5253EE34A006A43A9 /* MogrigeStoryboard.xcdatamodeld */ = {
			isa = XCVersionGroup;
			children = (
				AA46C7B6253EE34A006A43A9 /* MogrigeStoryboard.xcdatamodel */,
			);
			currentVersion = AA46C7B6253EE34A006A43A9 /* MogrigeStoryboard.xcdatamodel */;
			path = MogrigeStoryboard.xcdatamodeld;
			sourceTree = "<group>";
			versionGroupType = wrapper.xcdatamodel;
		};
/* End XCVersionGroup section */
	};
	rootObject = AA46C7A1253EE34A006A43A9 /* Project object */;
}
